
Microsoft Visual Studio Solution File, Format Version 12.00
# Visual Studio 15
VisualStudioVersion = 15.0.26430.15
MinimumVisualStudioVersion = 10.0.40219.1
Project("{FAE04EC0-301F-11D3-BF4B-00C04F79EFBC}") = "c2-printf", "c2-printf.csproj", "{65156CC3-DECD-4B17-9986-FBC6114A23C9}"
EndProject
Global
	GlobalSection(SolutionConfigurationPlatforms) = preSolution
		Debug|Any CPU = Debug|Any CPU
		Release|Any CPU = Release|Any CPU
	EndGlobalSection
	GlobalSection(ProjectConfigurationPlatforms) = postSolution
		{65156CC3-DECD-4B17-9986-FBC6114A23C9}.Debug|Any CPU.ActiveCfg = Debug|Any CPU
		{65156CC3-DECD-4B17-9986-FBC6114A23C9}.Debug|Any CPU.Build.0 = Debug|Any CPU
		{65156CC3-DECD-4B17-9986-FBC6114A23C9}.Release|Any CPU.ActiveCfg = Release|Any CPU
		{65156CC3-DECD-4B17-9986-FBC6114A23C9}.Release|Any CPU.Build.0 = Release|Any CPU
	EndGlobalSection
	GlobalSection(SolutionProperties) = preSolution
		HideSolutionNode = FALSE
	EndGlobalSection
EndGlobal
